
Microsoft Visual Studio Solution File, Format Version 12.00
# Visual Studio Version 17
VisualStudioVersion = 17.0.32014.148
MinimumVisualStudioVersion = 10.0.40219.1
Project("{FAE04EC0-301F-11D3-BF4B-00C04F79EFBC}") = "Accounting.App", "Accounting.App\Accounting.App.csproj", "{25C72686-8F23-4219-B618-29A92C7D8317}"
EndProject
Project("{FAE04EC0-301F-11D3-BF4B-00C04F79EFBC}") = "Accounting.DataLayer", "Accounting.DataLayer\Accounting.DataLayer.csproj", "{CF662CD5-771D-4198-AEFB-DD5C87534589}"
EndProject
Project("{FAE04EC0-301F-11D3-BF4B-00C04F79EFBC}") = "Accounting.ViewModels", "Accounting.ViewModels\Accounting.ViewModels.csproj", "{4A9E78C2-E85E-4A44-90DC-833154724D2F}"
EndProject
Project("{FAE04EC0-301F-11D3-BF4B-00C04F79EFBC}") = "Accounting.Business", "Accounting.Business\Accounting.Business.csproj", "{C72CAF3A-0043-41F3-AFB8-FC99F5B068EE}"
EndProject
Project("{FAE04EC0-301F-11D3-BF4B-00C04F79EFBC}") = "Accounting.Utility", "Accounting.Utility\Accounting.Utility.csproj", "{CF2BDD91-E589-4EE2-B210-082EAE5E36E8}"
EndProject
Global
	GlobalSection(SolutionConfigurationPlatforms) = preSolution
		Debug|Any CPU = Debug|Any CPU
		Release|Any CPU = Release|Any CPU
	EndGlobalSection
	GlobalSection(ProjectConfigurationPlatforms) = postSolution
		{25C72686-8F23-4219-B618-29A92C7D8317}.Debug|Any CPU.ActiveCfg = Debug|Any CPU
		{25C72686-8F23-4219-B618-29A92C7D8317}.Debug|Any CPU.Build.0 = Debug|Any CPU
		{25C72686-8F23-4219-B618-29A92C7D8317}.Release|Any CPU.ActiveCfg = Release|Any CPU
		{25C72686-8F23-4219-B618-29A92C7D8317}.Release|Any CPU.Build.0 = Release|Any CPU
		{CF662CD5-771D-4198-AEFB-DD5C87534589}.Debug|Any CPU.ActiveCfg = Debug|Any CPU
		{CF662CD5-771D-4198-AEFB-DD5C87534589}.Debug|Any CPU.Build.0 = Debug|Any CPU
		{CF662CD5-771D-4198-AEFB-DD5C87534589}.Release|Any CPU.ActiveCfg = Release|Any CPU
		{CF662CD5-771D-4198-AEFB-DD5C87534589}.Release|Any CPU.Build.0 = Release|Any CPU
		{4A9E78C2-E85E-4A44-90DC-833154724D2F}.Debug|Any CPU.ActiveCfg = Debug|Any CPU
		{4A9E78C2-E85E-4A44-90DC-833154724D2F}.Debug|Any CPU.Build.0 = Debug|Any CPU
		{4A9E78C2-E85E-4A44-90DC-833154724D2F}.Release|Any CPU.ActiveCfg = Release|Any CPU
		{4A9E78C2-E85E-4A44-90DC-833154724D2F}.Release|Any CPU.Build.0 = Release|Any CPU
		{C72CAF3A-0043-41F3-AFB8-FC99F5B068EE}.Debug|Any CPU.ActiveCfg = Debug|Any CPU
		{C72CAF3A-0043-41F3-AFB8-FC99F5B068EE}.Debug|Any CPU.Build.0 = Debug|Any CPU
		{C72CAF3A-0043-41F3-AFB8-FC99F5B068EE}.Release|Any CPU.ActiveCfg = Release|Any CPU
		{C72CAF3A-0043-41F3-AFB8-FC99F5B068EE}.Release|Any CPU.Build.0 = Release|Any CPU
		{CF2BDD91-E589-4EE2-B210-082EAE5E36E8}.Debug|Any CPU.ActiveCfg = Debug|Any CPU
		{CF2BDD91-E589-4EE2-B210-082EAE5E36E8}.Debug|Any CPU.Build.0 = Debug|Any CPU
		{CF2BDD91-E589-4EE2-B210-082EAE5E36E8}.Release|Any CPU.ActiveCfg = Release|Any CPU
		{CF2BDD91-E589-4EE2-B210-082EAE5E36E8}.Release|Any CPU.Build.0 = Release|Any CPU
	EndGlobalSection
	GlobalSection(SolutionProperties) = preSolution
		HideSolutionNode = FALSE
	EndGlobalSection
	GlobalSection(ExtensibilityGlobals) = postSolution
		SolutionGuid = {C0901614-6CD5-427B-B9B5-C5617F42F362}
	EndGlobalSection
EndGlobal
